
Microsoft Visual Studio Solution File, Format Version 11.00
# Visual Studio 2010
Project("{FAE04EC0-301F-11D3-BF4B-00C04F79EFBC}") = "Trackr", "Trackr\Trackr.csproj", "{78257227-E62E-4669-84F6-F33A3FE178CB}"
EndProject
Global
	GlobalSection(SolutionConfigurationPlatforms) = preSolution
		Debug|Any CPU = Debug|Any CPU
		Release|Any CPU = Release|Any CPU
	EndGlobalSection
	GlobalSection(ProjectConfigurationPlatforms) = postSolution
		{78257227-E62E-4669-84F6-F33A3FE178CB}.Debug|Any CPU.ActiveCfg = Debug|Any CPU
		{78257227-E62E-4669-84F6-F33A3FE178CB}.Debug|Any CPU.Build.0 = Debug|Any CPU
		{78257227-E62E-4669-84F6-F33A3FE178CB}.Release|Any CPU.ActiveCfg = Release|Any CPU
		{78257227-E62E-4669-84F6-F33A3FE178CB}.Release|Any CPU.Build.0 = Release|Any CPU
	EndGlobalSection
	GlobalSection(SolutionProperties) = preSolution
		HideSolutionNode = FALSE
	EndGlobalSection
EndGlobal
